// !$*UTF8*$!
{
	archiveVersion = 1;
	classes = {
	};
	objectVersion = 46;
	objects = {

/* Begin PBXBuildFile section */
		A63F07261A2DBA070004AEF4 /* Heart2@2x.png in Resources */ = {isa = PBXBuildFile; fileRef = A63F07241A2DBA070004AEF4 /* Heart2@2x.png */; };
		A63F07271A2DBA070004AEF4 /* Heart2RED@2x.png in Resources */ = {isa = PBXBuildFile; fileRef = A63F07251A2DBA070004AEF4 /* Heart2RED@2x.png */; };
		A63F07341A2DBB720004AEF4 /* BasketballPhoto.jpg in Resources */ = {isa = PBXBuildFile; fileRef = A63F07281A2DBB720004AEF4 /* BasketballPhoto.jpg */; };
		A63F07351A2DBB720004AEF4 /* HockeyPhoto.jpg in Resources */ = {isa = PBXBuildFile; fileRef = A63F07291A2DBB720004AEF4 /* HockeyPhoto.jpg */; };
		A63F07361A2DBB720004AEF4 /* PartyPhoto.jpg in Resources */ = {isa = PBXBuildFile; fileRef = A63F072A1A2DBB720004AEF4 /* PartyPhoto.jpg */; };
		A63F07371A2DBB720004AEF4 /* SalsaDancing.jpg in Resources */ = {isa = PBXBuildFile; fileRef = A63F072B1A2DBB720004AEF4 /* SalsaDancing.jpg */; };
		A63F07381A2DBB720004AEF4 /* Facebook_RandomGuy.jpg in Resources */ = {isa = PBXBuildFile; fileRef = A63F072C1A2DBB720004AEF4 /* Facebook_RandomGuy.jpg */; };
		A63F07391A2DBB720004AEF4 /* Facebook_RandomGuy2.jpg in Resources */ = {isa = PBXBuildFile; fileRef = A63F072D1A2DBB720004AEF4 /* Facebook_RandomGuy2.jpg */; };
		A63F073A1A2DBB720004AEF4 /* Facebook_BrandonEvans.jpg in Resources */ = {isa = PBXBuildFile; fileRef = A63F072E1A2DBB720004AEF4 /* Facebook_BrandonEvans.jpg */; };
		A63F073B1A2DBB720004AEF4 /* Facebook_JoePolin.jpg in Resources */ = {isa = PBXBuildFile; fileRef = A63F072F1A2DBB720004AEF4 /* Facebook_JoePolin.jpg */; };
		A63F073C1A2DBB720004AEF4 /* Facebook_MichaelWeingert.jpg in Resources */ = {isa = PBXBuildFile; fileRef = A63F07301A2DBB720004AEF4 /* Facebook_MichaelWeingert.jpg */; };
		A63F073D1A2DBB720004AEF4 /* Facebook_NadavLidor.png in Resources */ = {isa = PBXBuildFile; fileRef = A63F07311A2DBB720004AEF4 /* Facebook_NadavLidor.png */; };
		A63F073E1A2DBB720004AEF4 /* FerrisWheel.png in Resources */ = {isa = PBXBuildFile; fileRef = A63F07321A2DBB720004AEF4 /* FerrisWheel.png */; };
		A63F073F1A2DBB720004AEF4 /* BeachPhoto.png in Resources */ = {isa = PBXBuildFile; fileRef = A63F07331A2DBB720004AEF4 /* BeachPhoto.png */; };
		A63F07421A2FFB6A0004AEF4 /* GlobalSettings.m in Sources */ = {isa = PBXBuildFile; fileRef = A63F07411A2FFB6A0004AEF4 /* GlobalSettings.m */; };
		A6400AF11A284FDF00D939D4 /* HDLEventTableViewCell.m in Sources */ = {isa = PBXBuildFile; fileRef = A6400AEA1A284FDF00D939D4 /* HDLEventTableViewCell.m */; };
		A6400AF21A284FDF00D939D4 /* HDLHomeScreenCell.m in Sources */ = {isa = PBXBuildFile; fileRef = A6400AEB1A284FDF00D939D4 /* HDLHomeScreenCell.m */; };
		A6400AF31A284FDF00D939D4 /* Beach_iOS.jpg in Resources */ = {isa = PBXBuildFile; fileRef = A6400AEC1A284FDF00D939D4 /* Beach_iOS.jpg */; };
		A6400AF41A284FDF00D939D4 /* HDLEventDetailViewController.m in Sources */ = {isa = PBXBuildFile; fileRef = A6400AEF1A284FDF00D939D4 /* HDLEventDetailViewController.m */; };
		A6400B0E1A28545D00D939D4 /* JTCalendar.m in Sources */ = {isa = PBXBuildFile; fileRef = A6400AF81A28545D00D939D4 /* JTCalendar.m */; };
		A6400B0F1A28545D00D939D4 /* JTCalendarAppearance.m in Sources */ = {isa = PBXBuildFile; fileRef = A6400AFA1A28545D00D939D4 /* JTCalendarAppearance.m */; };
		A6400B101A28545D00D939D4 /* JTCalendarContentView.m in Sources */ = {isa = PBXBuildFile; fileRef = A6400AFC1A28545D00D939D4 /* JTCalendarContentView.m */; };
		A6400B111A28545D00D939D4 /* JTCalendarDataCache.m in Sources */ = {isa = PBXBuildFile; fileRef = A6400AFE1A28545D00D939D4 /* JTCalendarDataCache.m */; };
		A6400B121A28545D00D939D4 /* JTCalendarDayView.m in Sources */ = {isa = PBXBuildFile; fileRef = A6400B001A28545D00D939D4 /* JTCalendarDayView.m */; };
		A6400B131A28545D00D939D4 /* JTCalendarMenuMonthView.m in Sources */ = {isa = PBXBuildFile; fileRef = A6400B021A28545D00D939D4 /* JTCalendarMenuMonthView.m */; };
		A6400B141A28545D00D939D4 /* JTCalendarMenuView.m in Sources */ = {isa = PBXBuildFile; fileRef = A6400B041A28545D00D939D4 /* JTCalendarMenuView.m */; };
		A6400B151A28545D00D939D4 /* JTCalendarMonthView.m in Sources */ = {isa = PBXBuildFile; fileRef = A6400B061A28545D00D939D4 /* JTCalendarMonthView.m */; };
		A6400B161A28545D00D939D4 /* JTCalendarMonthWeekDaysView.m in Sources */ = {isa = PBXBuildFile; fileRef = A6400B081A28545D00D939D4 /* JTCalendarMonthWeekDaysView.m */; };
		A6400B171A28545D00D939D4 /* JTCalendarWeekView.m in Sources */ = {isa = PBXBuildFile; fileRef = A6400B0B1A28545D00D939D4 /* JTCalendarWeekView.m */; };
		A6400B181A28545D00D939D4 /* JTCircleView.m in Sources */ = {isa = PBXBuildFile; fileRef = A6400B0D1A28545D00D939D4 /* JTCircleView.m */; };
		A6400B1C1A2AF40D00D939D4 /* PlusNavButton.png in Resources */ = {isa = PBXBuildFile; fileRef = A6400B1B1A2AF40D00D939D4 /* PlusNavButton.png */; };
		A6400B1E1A2AF69C00D939D4 /* PlusNavButton@2x.png in Resources */ = {isa = PBXBuildFile; fileRef = A6400B1D1A2AF69C00D939D4 /* PlusNavButton@2x.png */; };
		A6400B201A2AF76300D939D4 /* StarButton@2x.png in Resources */ = {isa = PBXBuildFile; fileRef = A6400B1F1A2AF76300D939D4 /* StarButton@2x.png */; };
		A6400B221A2AFEF000D939D4 /* HomeButton@2x.png in Resources */ = {isa = PBXBuildFile; fileRef = A6400B211A2AFEF000D939D4 /* HomeButton@2x.png */; };
		A6400B251A2B05F100D939D4 /* HDLFriendSelectCell.m in Sources */ = {isa = PBXBuildFile; fileRef = A6400B241A2B05F100D939D4 /* HDLFriendSelectCell.m */; };
		A6400B291A2B249100D939D4 /* CheckmarkIcon@2x.png in Resources */ = {isa = PBXBuildFile; fileRef = A6400B281A2B249100D939D4 /* CheckmarkIcon@2x.png */; };
		A6400B2C1A2BE7D600D939D4 /* HDLDatabaseManager.m in Sources */ = {isa = PBXBuildFile; fileRef = A6400B2B1A2BE7D600D939D4 /* HDLDatabaseManager.m */; };
		A6400B2F1A2BF81700D939D4 /* HDLHuddleObject.m in Sources */ = {isa = PBXBuildFile; fileRef = A6400B2E1A2BF81700D939D4 /* HDLHuddleObject.m */; };
		A6400B311A2C007000D939D4 /* libsqlite3.dylib in Frameworks */ = {isa = PBXBuildFile; fileRef = A6400B301A2C007000D939D4 /* libsqlite3.dylib */; };
		A6A080921A1B46FA002765D2 /* Foundation.framework in Frameworks */ = {isa = PBXBuildFile; fileRef = A6A080911A1B46FA002765D2 /* Foundation.framework */; };
		A6A080941A1B46FA002765D2 /* CoreGraphics.framework in Frameworks */ = {isa = PBXBuildFile; fileRef = A6A080931A1B46FA002765D2 /* CoreGraphics.framework */; };
		A6A080961A1B46FA002765D2 /* UIKit.framework in Frameworks */ = {isa = PBXBuildFile; fileRef = A6A080951A1B46FA002765D2 /* UIKit.framework */; };
		A6A0809C1A1B46FA002765D2 /* InfoPlist.strings in Resources */ = {isa = PBXBuildFile; fileRef = A6A0809A1A1B46FA002765D2 /* InfoPlist.strings */; };
		A6A0809E1A1B46FA002765D2 /* main.m in Sources */ = {isa = PBXBuildFile; fileRef = A6A0809D1A1B46FA002765D2 /* main.m */; };
		A6A080A21A1B46FA002765D2 /* HDLAppDelegate.m in Sources */ = {isa = PBXBuildFile; fileRef = A6A080A11A1B46FA002765D2 /* HDLAppDelegate.m */; };
		A6A080A41A1B46FA002765D2 /* Images.xcassets in Resources */ = {isa = PBXBuildFile; fileRef = A6A080A31A1B46FA002765D2 /* Images.xcassets */; };
		A6A080AB1A1B46FA002765D2 /* XCTest.framework in Frameworks */ = {isa = PBXBuildFile; fileRef = A6A080AA1A1B46FA002765D2 /* XCTest.framework */; };
		A6A080AC1A1B46FA002765D2 /* Foundation.framework in Frameworks */ = {isa = PBXBuildFile; fileRef = A6A080911A1B46FA002765D2 /* Foundation.framework */; };
		A6A080AD1A1B46FA002765D2 /* UIKit.framework in Frameworks */ = {isa = PBXBuildFile; fileRef = A6A080951A1B46FA002765D2 /* UIKit.framework */; };
		A6A080B51A1B46FA002765D2 /* InfoPlist.strings in Resources */ = {isa = PBXBuildFile; fileRef = A6A080B31A1B46FA002765D2 /* InfoPlist.strings */; };
		A6A080B71A1B46FA002765D2 /* HuddleAppTests.m in Sources */ = {isa = PBXBuildFile; fileRef = A6A080B61A1B46FA002765D2 /* HuddleAppTests.m */; };
		A6A080C51A1B4737002765D2 /* HDLMainScrollViewController.m in Sources */ = {isa = PBXBuildFile; fileRef = A6A080C41A1B4737002765D2 /* HDLMainScrollViewController.m */; };
		A6A080C81A1BD73C002765D2 /* HDLCalendarViewController.m in Sources */ = {isa = PBXBuildFile; fileRef = A6A080C71A1BD73C002765D2 /* HDLCalendarViewController.m */; };
		A6A080CB1A1BDA64002765D2 /* HDLFriendSelectViewController.m in Sources */ = {isa = PBXBuildFile; fileRef = A6A080CA1A1BDA64002765D2 /* HDLFriendSelectViewController.m */; };
		A6A080CE1A1BDB7D002765D2 /* HDLEventsViewController.m in Sources */ = {isa = PBXBuildFile; fileRef = A6A080CD1A1BDB7D002765D2 /* HDLEventsViewController.m */; };
/* End PBXBuildFile section */

/* Begin PBXContainerItemProxy section */
		A6A080AE1A1B46FA002765D2 /* PBXContainerItemProxy */ = {
			isa = PBXContainerItemProxy;
			containerPortal = A6A080861A1B46FA002765D2 /* Project object */;
			proxyType = 1;
			remoteGlobalIDString = A6A0808D1A1B46FA002765D2;
			remoteInfo = HuddleApp;
		};
/* End PBXContainerItemProxy section */

/* Begin PBXFileReference section */
		A63F07241A2DBA070004AEF4 /* Heart2@2x.png */ = {isa = PBXFileReference; lastKnownFileType = image.png; name = "Heart2@2x.png"; path = "HuddleApp/Heart2@2x.png"; sourceTree = "<group>"; };
		A63F07251A2DBA070004AEF4 /* Heart2RED@2x.png */ = {isa = PBXFileReference; lastKnownFileType = image.png; name = "Heart2RED@2x.png"; path = "HuddleApp/Heart2RED@2x.png"; sourceTree = "<group>"; };
		A63F07281A2DBB720004AEF4 /* BasketballPhoto.jpg */ = {isa = PBXFileReference; lastKnownFileType = image.jpeg; name = BasketballPhoto.jpg; path = HuddleApp/BasketballPhoto.jpg; sourceTree = "<group>"; };
		A63F07291A2DBB720004AEF4 /* HockeyPhoto.jpg */ = {isa = PBXFileReference; lastKnownFileType = image.jpeg; name = HockeyPhoto.jpg; path = HuddleApp/HockeyPhoto.jpg; sourceTree = "<group>"; };
		A63F072A1A2DBB720004AEF4 /* PartyPhoto.jpg */ = {isa = PBXFileReference; lastKnownFileType = image.jpeg; name = PartyPhoto.jpg; path = HuddleApp/PartyPhoto.jpg; sourceTree = "<group>"; };
		A63F072B1A2DBB720004AEF4 /* SalsaDancing.jpg */ = {isa = PBXFileReference; lastKnownFileType = image.jpeg; name = SalsaDancing.jpg; path = HuddleApp/SalsaDancing.jpg; sourceTree = "<group>"; };
		A63F072C1A2DBB720004AEF4 /* Facebook_RandomGuy.jpg */ = {isa = PBXFileReference; lastKnownFileType = image.jpeg; name = Facebook_RandomGuy.jpg; path = HuddleApp/Facebook_RandomGuy.jpg; sourceTree = "<group>"; };
		A63F072D1A2DBB720004AEF4 /* Facebook_RandomGuy2.jpg */ = {isa = PBXFileReference; lastKnownFileType = image.jpeg; name = Facebook_RandomGuy2.jpg; path = HuddleApp/Facebook_RandomGuy2.jpg; sourceTree = "<group>"; };
		A63F072E1A2DBB720004AEF4 /* Facebook_BrandonEvans.jpg */ = {isa = PBXFileReference; lastKnownFileType = image.jpeg; name = Facebook_BrandonEvans.jpg; path = HuddleApp/Facebook_BrandonEvans.jpg; sourceTree = "<group>"; };
		A63F072F1A2DBB720004AEF4 /* Facebook_JoePolin.jpg */ = {isa = PBXFileReference; lastKnownFileType = image.jpeg; name = Facebook_JoePolin.jpg; path = HuddleApp/Facebook_JoePolin.jpg; sourceTree = "<group>"; };
		A63F07301A2DBB720004AEF4 /* Facebook_MichaelWeingert.jpg */ = {isa = PBXFileReference; lastKnownFileType = image.jpeg; name = Facebook_MichaelWeingert.jpg; path = HuddleApp/Facebook_MichaelWeingert.jpg; sourceTree = "<group>"; };
		A63F07311A2DBB720004AEF4 /* Facebook_NadavLidor.png */ = {isa = PBXFileReference; lastKnownFileType = image.png; name = Facebook_NadavLidor.png; path = HuddleApp/Facebook_NadavLidor.png; sourceTree = "<group>"; };
		A63F07321A2DBB720004AEF4 /* FerrisWheel.png */ = {isa = PBXFileReference; lastKnownFileType = image.png; name = FerrisWheel.png; path = HuddleApp/FerrisWheel.png; sourceTree = "<group>"; };
		A63F07331A2DBB720004AEF4 /* BeachPhoto.png */ = {isa = PBXFileReference; lastKnownFileType = image.png; name = BeachPhoto.png; path = HuddleApp/BeachPhoto.png; sourceTree = "<group>"; };
		A63F07401A2FFA050004AEF4 /* GlobalSettings.h */ = {isa = PBXFileReference; lastKnownFileType = sourcecode.c.h; path = GlobalSettings.h; sourceTree = "<group>"; };
		A63F07411A2FFB6A0004AEF4 /* GlobalSettings.m */ = {isa = PBXFileReference; fileEncoding = 4; lastKnownFileType = sourcecode.c.objc; path = GlobalSettings.m; sourceTree = "<group>"; };
		A6400AEA1A284FDF00D939D4 /* HDLEventTableViewCell.m */ = {isa = PBXFileReference; fileEncoding = 4; lastKnownFileType = sourcecode.c.objc; path = HDLEventTableViewCell.m; sourceTree = "<group>"; };
		A6400AEB1A284FDF00D939D4 /* HDLHomeScreenCell.m */ = {isa = PBXFileReference; fileEncoding = 4; lastKnownFileType = sourcecode.c.objc; path = HDLHomeScreenCell.m; sourceTree = "<group>"; };
		A6400AEC1A284FDF00D939D4 /* Beach_iOS.jpg */ = {isa = PBXFileReference; lastKnownFileType = image.jpeg; name = Beach_iOS.jpg; path = HuddleApp/Beach_iOS.jpg; sourceTree = "<group>"; };
		A6400AED1A284FDF00D939D4 /* HDLEventTableViewCell.h */ = {isa = PBXFileReference; fileEncoding = 4; lastKnownFileType = sourcecode.c.h; path = HDLEventTableViewCell.h; sourceTree = "<group>"; };
		A6400AEE1A284FDF00D939D4 /* HDLEventDetailViewController.h */ = {isa = PBXFileReference; fileEncoding = 4; lastKnownFileType = sourcecode.c.h; path = HDLEventDetailViewController.h; sourceTree = "<group>"; };
		A6400AEF1A284FDF00D939D4 /* HDLEventDetailViewController.m */ = {isa = PBXFileReference; fileEncoding = 4; lastKnownFileType = sourcecode.c.objc; path = HDLEventDetailViewController.m; sourceTree = "<group>"; };
		A6400AF01A284FDF00D939D4 /* HDLHomeScreenCell.h */ = {isa = PBXFileReference; fileEncoding = 4; lastKnownFileType = sourcecode.c.h; path = HDLHomeScreenCell.h; sourceTree = "<group>"; };
		A6400AF71A28545D00D939D4 /* JTCalendar.h */ = {isa = PBXFileReference; fileEncoding = 4; lastKnownFileType = sourcecode.c.h; name = JTCalendar.h; path = JTCalendar/JTCalendar.h; sourceTree = "<group>"; };
		A6400AF81A28545D00D939D4 /* JTCalendar.m */ = {isa = PBXFileReference; fileEncoding = 4; lastKnownFileType = sourcecode.c.objc; name = JTCalendar.m; path = JTCalendar/JTCalendar.m; sourceTree = "<group>"; };
		A6400AF91A28545D00D939D4 /* JTCalendarAppearance.h */ = {isa = PBXFileReference; fileEncoding = 4; lastKnownFileType = sourcecode.c.h; name = JTCalendarAppearance.h; path = JTCalendar/JTCalendarAppearance.h; sourceTree = "<group>"; };
		A6400AFA1A28545D00D939D4 /* JTCalendarAppearance.m */ = {isa = PBXFileReference; fileEncoding = 4; lastKnownFileType = sourcecode.c.objc; name = JTCalendarAppearance.m; path = JTCalendar/JTCalendarAppearance.m; sourceTree = "<group>"; };
		A6400AFB1A28545D00D939D4 /* JTCalendarContentView.h */ = {isa = PBXFileReference; fileEncoding = 4; lastKnownFileType = sourcecode.c.h; name = JTCalendarContentView.h; path = JTCalendar/JTCalendarContentView.h; sourceTree = "<group>"; };
		A6400AFC1A28545D00D939D4 /* JTCalendarContentView.m */ = {isa = PBXFileReference; fileEncoding = 4; lastKnownFileType = sourcecode.c.objc; name = JTCalendarContentView.m; path = JTCalendar/JTCalendarContentView.m; sourceTree = "<group>"; };
		A6400AFD1A28545D00D939D4 /* JTCalendarDataCache.h */ = {isa = PBXFileReference; fileEncoding = 4; lastKnownFileType = sourcecode.c.h; name = JTCalendarDataCache.h; path = JTCalendar/JTCalendarDataCache.h; sourceTree = "<group>"; };
		A6400AFE1A28545D00D939D4 /* JTCalendarDataCache.m */ = {isa = PBXFileReference; fileEncoding = 4; lastKnownFileType = sourcecode.c.objc; name = JTCalendarDataCache.m; path = JTCalendar/JTCalendarDataCache.m; sourceTree = "<group>"; };
		A6400AFF1A28545D00D939D4 /* JTCalendarDayView.h */ = {isa = PBXFileReference; fileEncoding = 4; lastKnownFileType = sourcecode.c.h; name = JTCalendarDayView.h; path = JTCalendar/JTCalendarDayView.h; sourceTree = "<group>"; };
		A6400B001A28545D00D939D4 /* JTCalendarDayView.m */ = {isa = PBXFileReference; fileEncoding = 4; lastKnownFileType = sourcecode.c.objc; name = JTCalendarDayView.m; path = JTCalendar/JTCalendarDayView.m; sourceTree = "<group>"; };
		A6400B011A28545D00D939D4 /* JTCalendarMenuMonthView.h */ = {isa = PBXFileReference; fileEncoding = 4; lastKnownFileType = sourcecode.c.h; name = JTCalendarMenuMonthView.h; path = JTCalendar/JTCalendarMenuMonthView.h; sourceTree = "<group>"; };
		A6400B021A28545D00D939D4 /* JTCalendarMenuMonthView.m */ = {isa = PBXFileReference; fileEncoding = 4; lastKnownFileType = sourcecode.c.objc; name = JTCalendarMenuMonthView.m; path = JTCalendar/JTCalendarMenuMonthView.m; sourceTree = "<group>"; };
		A6400B031A28545D00D939D4 /* JTCalendarMenuView.h */ = {isa = PBXFileReference; fileEncoding = 4; lastKnownFileType = sourcecode.c.h; name = JTCalendarMenuView.h; path = JTCalendar/JTCalendarMenuView.h; sourceTree = "<group>"; };
		A6400B041A28545D00D939D4 /* JTCalendarMenuView.m */ = {isa = PBXFileReference; fileEncoding = 4; lastKnownFileType = sourcecode.c.objc; name = JTCalendarMenuView.m; path = JTCalendar/JTCalendarMenuView.m; sourceTree = "<group>"; };
		A6400B051A28545D00D939D4 /* JTCalendarMonthView.h */ = {isa = PBXFileReference; fileEncoding = 4; lastKnownFileType = sourcecode.c.h; name = JTCalendarMonthView.h; path = JTCalendar/JTCalendarMonthView.h; sourceTree = "<group>"; };
		A6400B061A28545D00D939D4 /* JTCalendarMonthView.m */ = {isa = PBXFileReference; fileEncoding = 4; lastKnownFileType = sourcecode.c.objc; name = JTCalendarMonthView.m; path = JTCalendar/JTCalendarMonthView.m; sourceTree = "<group>"; };
		A6400B071A28545D00D939D4 /* JTCalendarMonthWeekDaysView.h */ = {isa = PBXFileReference; fileEncoding = 4; lastKnownFileType = sourcecode.c.h; name = JTCalendarMonthWeekDaysView.h; path = JTCalendar/JTCalendarMonthWeekDaysView.h; sourceTree = "<group>"; };
		A6400B081A28545D00D939D4 /* JTCalendarMonthWeekDaysView.m */ = {isa = PBXFileReference; fileEncoding = 4; lastKnownFileType = sourcecode.c.objc; name = JTCalendarMonthWeekDaysView.m; path = JTCalendar/JTCalendarMonthWeekDaysView.m; sourceTree = "<group>"; };
		A6400B091A28545D00D939D4 /* JTCalendarViewDataSource.h */ = {isa = PBXFileReference; fileEncoding = 4; lastKnownFileType = sourcecode.c.h; name = JTCalendarViewDataSource.h; path = JTCalendar/JTCalendarViewDataSource.h; sourceTree = "<group>"; };
		A6400B0A1A28545D00D939D4 /* JTCalendarWeekView.h */ = {isa = PBXFileReference; fileEncoding = 4; lastKnownFileType = sourcecode.c.h; name = JTCalendarWeekView.h; path = JTCalendar/JTCalendarWeekView.h; sourceTree = "<group>"; };
		A6400B0B1A28545D00D939D4 /* JTCalendarWeekView.m */ = {isa = PBXFileReference; fileEncoding = 4; lastKnownFileType = sourcecode.c.objc; name = JTCalendarWeekView.m; path = JTCalendar/JTCalendarWeekView.m; sourceTree = "<group>"; };
		A6400B0C1A28545D00D939D4 /* JTCircleView.h */ = {isa = PBXFileReference; fileEncoding = 4; lastKnownFileType = sourcecode.c.h; name = JTCircleView.h; path = JTCalendar/JTCircleView.h; sourceTree = "<group>"; };
		A6400B0D1A28545D00D939D4 /* JTCircleView.m */ = {isa = PBXFileReference; fileEncoding = 4; lastKnownFileType = sourcecode.c.objc; name = JTCircleView.m; path = JTCalendar/JTCircleView.m; sourceTree = "<group>"; };
		A6400B1B1A2AF40D00D939D4 /* PlusNavButton.png */ = {isa = PBXFileReference; lastKnownFileType = image.png; name = PlusNavButton.png; path = HuddleApp/PlusNavButton.png; sourceTree = "<group>"; };
		A6400B1D1A2AF69C00D939D4 /* PlusNavButton@2x.png */ = {isa = PBXFileReference; lastKnownFileType = image.png; name = "PlusNavButton@2x.png"; path = "HuddleApp/PlusNavButton@2x.png"; sourceTree = "<group>"; };
		A6400B1F1A2AF76300D939D4 /* StarButton@2x.png */ = {isa = PBXFileReference; lastKnownFileType = image.png; name = "StarButton@2x.png"; path = "HuddleApp/StarButton@2x.png"; sourceTree = "<group>"; };
		A6400B211A2AFEF000D939D4 /* HomeButton@2x.png */ = {isa = PBXFileReference; lastKnownFileType = image.png; name = "HomeButton@2x.png"; path = "HuddleApp/HomeButton@2x.png"; sourceTree = "<group>"; };
		A6400B231A2B05F100D939D4 /* HDLFriendSelectCell.h */ = {isa = PBXFileReference; fileEncoding = 4; lastKnownFileType = sourcecode.c.h; path = HDLFriendSelectCell.h; sourceTree = "<group>"; };
		A6400B241A2B05F100D939D4 /* HDLFriendSelectCell.m */ = {isa = PBXFileReference; fileEncoding = 4; lastKnownFileType = sourcecode.c.objc; path = HDLFriendSelectCell.m; sourceTree = "<group>"; };
		A6400B281A2B249100D939D4 /* CheckmarkIcon@2x.png */ = {isa = PBXFileReference; lastKnownFileType = image.png; name = "CheckmarkIcon@2x.png"; path = "HuddleApp/CheckmarkIcon@2x.png"; sourceTree = "<group>"; };
		A6400B2A1A2BE7D600D939D4 /* HDLDatabaseManager.h */ = {isa = PBXFileReference; fileEncoding = 4; lastKnownFileType = sourcecode.c.h; path = HDLDatabaseManager.h; sourceTree = "<group>"; };
		A6400B2B1A2BE7D600D939D4 /* HDLDatabaseManager.m */ = {isa = PBXFileReference; fileEncoding = 4; lastKnownFileType = sourcecode.c.objc; path = HDLDatabaseManager.m; sourceTree = "<group>"; };
		A6400B2D1A2BF81700D939D4 /* HDLHuddleObject.h */ = {isa = PBXFileReference; fileEncoding = 4; lastKnownFileType = sourcecode.c.h; path = HDLHuddleObject.h; sourceTree = "<group>"; };
		A6400B2E1A2BF81700D939D4 /* HDLHuddleObject.m */ = {isa = PBXFileReference; fileEncoding = 4; lastKnownFileType = sourcecode.c.objc; path = HDLHuddleObject.m; sourceTree = "<group>"; };
		A6400B301A2C007000D939D4 /* libsqlite3.dylib */ = {isa = PBXFileReference; lastKnownFileType = "compiled.mach-o.dylib"; name = libsqlite3.dylib; path = usr/lib/libsqlite3.dylib; sourceTree = SDKROOT; };
		A6A0808E1A1B46FA002765D2 /* HuddleApp.app */ = {isa = PBXFileReference; explicitFileType = wrapper.application; includeInIndex = 0; path = HuddleApp.app; sourceTree = BUILT_PRODUCTS_DIR; };
		A6A080911A1B46FA002765D2 /* Foundation.framework */ = {isa = PBXFileReference; lastKnownFileType = wrapper.framework; name = Foundation.framework; path = System/Library/Frameworks/Foundation.framework; sourceTree = SDKROOT; };
		A6A080931A1B46FA002765D2 /* CoreGraphics.framework */ = {isa = PBXFileReference; lastKnownFileType = wrapper.framework; name = CoreGraphics.framework; path = System/Library/Frameworks/CoreGraphics.framework; sourceTree = SDKROOT; };
		A6A080951A1B46FA002765D2 /* UIKit.framework */ = {isa = PBXFileReference; lastKnownFileType = wrapper.framework; name = UIKit.framework; path = System/Library/Frameworks/UIKit.framework; sourceTree = SDKROOT; };
		A6A080991A1B46FA002765D2 /* HuddleApp-Info.plist */ = {isa = PBXFileReference; lastKnownFileType = text.plist.xml; path = "HuddleApp-Info.plist"; sourceTree = "<group>"; };
		A6A0809B1A1B46FA002765D2 /* en */ = {isa = PBXFileReference; lastKnownFileType = text.plist.strings; name = en; path = en.lproj/InfoPlist.strings; sourceTree = "<group>"; };
		A6A0809D1A1B46FA002765D2 /* main.m */ = {isa = PBXFileReference; lastKnownFileType = sourcecode.c.objc; path = main.m; sourceTree = "<group>"; };
		A6A0809F1A1B46FA002765D2 /* HuddleApp-Prefix.pch */ = {isa = PBXFileReference; lastKnownFileType = sourcecode.c.h; path = "HuddleApp-Prefix.pch"; sourceTree = "<group>"; };
		A6A080A01A1B46FA002765D2 /* HDLAppDelegate.h */ = {isa = PBXFileReference; lastKnownFileType = sourcecode.c.h; path = HDLAppDelegate.h; sourceTree = "<group>"; };
		A6A080A11A1B46FA002765D2 /* HDLAppDelegate.m */ = {isa = PBXFileReference; lastKnownFileType = sourcecode.c.objc; path = HDLAppDelegate.m; sourceTree = "<group>"; };
		A6A080A31A1B46FA002765D2 /* Images.xcassets */ = {isa = PBXFileReference; lastKnownFileType = folder.assetcatalog; path = Images.xcassets; sourceTree = "<group>"; };
		A6A080A91A1B46FA002765D2 /* HuddleAppTests.xctest */ = {isa = PBXFileReference; explicitFileType = wrapper.cfbundle; includeInIndex = 0; path = HuddleAppTests.xctest; sourceTree = BUILT_PRODUCTS_DIR; };
		A6A080AA1A1B46FA002765D2 /* XCTest.framework */ = {isa = PBXFileReference; lastKnownFileType = wrapper.framework; name = XCTest.framework; path = Library/Frameworks/XCTest.framework; sourceTree = DEVELOPER_DIR; };
		A6A080B21A1B46FA002765D2 /* HuddleAppTests-Info.plist */ = {isa = PBXFileReference; lastKnownFileType = text.plist.xml; path = "HuddleAppTests-Info.plist"; sourceTree = "<group>"; };
		A6A080B41A1B46FA002765D2 /* en */ = {isa = PBXFileReference; lastKnownFileType = text.plist.strings; name = en; path = en.lproj/InfoPlist.strings; sourceTree = "<group>"; };
		A6A080B61A1B46FA002765D2 /* HuddleAppTests.m */ = {isa = PBXFileReference; lastKnownFileType = sourcecode.c.objc; path = HuddleAppTests.m; sourceTree = "<group>"; };
		A6A080C31A1B4737002765D2 /* HDLMainScrollViewController.h */ = {isa = PBXFileReference; fileEncoding = 4; lastKnownFileType = sourcecode.c.h; path = HDLMainScrollViewController.h; sourceTree = "<group>"; };
		A6A080C41A1B4737002765D2 /* HDLMainScrollViewController.m */ = {isa = PBXFileReference; fileEncoding = 4; lastKnownFileType = sourcecode.c.objc; path = HDLMainScrollViewController.m; sourceTree = "<group>"; };
		A6A080C61A1BD73C002765D2 /* HDLCalendarViewController.h */ = {isa = PBXFileReference; fileEncoding = 4; lastKnownFileType = sourcecode.c.h; path = HDLCalendarViewController.h; sourceTree = "<group>"; };
		A6A080C71A1BD73C002765D2 /* HDLCalendarViewController.m */ = {isa = PBXFileReference; fileEncoding = 4; lastKnownFileType = sourcecode.c.objc; path = HDLCalendarViewController.m; sourceTree = "<group>"; };
		A6A080C91A1BDA64002765D2 /* HDLFriendSelectViewController.h */ = {isa = PBXFileReference; fileEncoding = 4; lastKnownFileType = sourcecode.c.h; path = HDLFriendSelectViewController.h; sourceTree = "<group>"; };
		A6A080CA1A1BDA64002765D2 /* HDLFriendSelectViewController.m */ = {isa = PBXFileReference; fileEncoding = 4; lastKnownFileType = sourcecode.c.objc; path = HDLFriendSelectViewController.m; sourceTree = "<group>"; };
		A6A080CC1A1BDB7D002765D2 /* HDLEventsViewController.h */ = {isa = PBXFileReference; fileEncoding = 4; lastKnownFileType = sourcecode.c.h; path = HDLEventsViewController.h; sourceTree = "<group>"; };
		A6A080CD1A1BDB7D002765D2 /* HDLEventsViewController.m */ = {isa = PBXFileReference; fileEncoding = 4; lastKnownFileType = sourcecode.c.objc; path = HDLEventsViewController.m; sourceTree = "<group>"; };
		F1B05E9BC1B693ABB7F7BFF0 /* libPods.a */ = {isa = PBXFileReference; explicitFileType = archive.ar; includeInIndex = 0; path = libPods.a; sourceTree = BUILT_PRODUCTS_DIR; };
/* End PBXFileReference section */

/* Begin PBXFrameworksBuildPhase section */
		A6A0808B1A1B46FA002765D2 /* Frameworks */ = {
			isa = PBXFrameworksBuildPhase;
			buildActionMask = 2147483647;
			files = (
				A6400B311A2C007000D939D4 /* libsqlite3.dylib in Frameworks */,
				A6A080941A1B46FA002765D2 /* CoreGraphics.framework in Frameworks */,
				A6A080961A1B46FA002765D2 /* UIKit.framework in Frameworks */,
				A6A080921A1B46FA002765D2 /* Foundation.framework in Frameworks */,
			);
			runOnlyForDeploymentPostprocessing = 0;
		};
		A6A080A61A1B46FA002765D2 /* Frameworks */ = {
			isa = PBXFrameworksBuildPhase;
			buildActionMask = 2147483647;
			files = (
				A6A080AB1A1B46FA002765D2 /* XCTest.framework in Frameworks */,
				A6A080AD1A1B46FA002765D2 /* UIKit.framework in Frameworks */,
				A6A080AC1A1B46FA002765D2 /* Foundation.framework in Frameworks */,
			);
			runOnlyForDeploymentPostprocessing = 0;
		};
/* End PBXFrameworksBuildPhase section */

/* Begin PBXGroup section */
		A63F07431A300C700004AEF4 /* ImageAssets */ = {
			isa = PBXGroup;
			children = (
				A63F07241A2DBA070004AEF4 /* Heart2@2x.png */,
				A63F07281A2DBB720004AEF4 /* BasketballPhoto.jpg */,
				A63F07291A2DBB720004AEF4 /* HockeyPhoto.jpg */,
				A63F072A1A2DBB720004AEF4 /* PartyPhoto.jpg */,
				A63F072B1A2DBB720004AEF4 /* SalsaDancing.jpg */,
				A63F072C1A2DBB720004AEF4 /* Facebook_RandomGuy.jpg */,
				A63F072D1A2DBB720004AEF4 /* Facebook_RandomGuy2.jpg */,
				A63F072E1A2DBB720004AEF4 /* Facebook_BrandonEvans.jpg */,
				A63F072F1A2DBB720004AEF4 /* Facebook_JoePolin.jpg */,
				A63F07301A2DBB720004AEF4 /* Facebook_MichaelWeingert.jpg */,
				A63F07311A2DBB720004AEF4 /* Facebook_NadavLidor.png */,
				A63F07321A2DBB720004AEF4 /* FerrisWheel.png */,
				A63F07331A2DBB720004AEF4 /* BeachPhoto.png */,
				A63F07251A2DBA070004AEF4 /* Heart2RED@2x.png */,
				A6400B281A2B249100D939D4 /* CheckmarkIcon@2x.png */,
				A6400B211A2AFEF000D939D4 /* HomeButton@2x.png */,
				A6400B1B1A2AF40D00D939D4 /* PlusNavButton.png */,
				A6400B1D1A2AF69C00D939D4 /* PlusNavButton@2x.png */,
				A6400B1F1A2AF76300D939D4 /* StarButton@2x.png */,
			);
			name = ImageAssets;
			sourceTree = "<group>";
		};
		A6400AF51A284FE900D939D4 /* ViewControllers */ = {
			isa = PBXGroup;
			children = (
				A6400AEE1A284FDF00D939D4 /* HDLEventDetailViewController.h */,
				A6400AEF1A284FDF00D939D4 /* HDLEventDetailViewController.m */,
				A6A080C31A1B4737002765D2 /* HDLMainScrollViewController.h */,
				A6A080C41A1B4737002765D2 /* HDLMainScrollViewController.m */,
				A6A080C61A1BD73C002765D2 /* HDLCalendarViewController.h */,
				A6A080C71A1BD73C002765D2 /* HDLCalendarViewController.m */,
				A6A080C91A1BDA64002765D2 /* HDLFriendSelectViewController.h */,
				A6A080CA1A1BDA64002765D2 /* HDLFriendSelectViewController.m */,
				A6A080CC1A1BDB7D002765D2 /* HDLEventsViewController.h */,
				A6A080CD1A1BDB7D002765D2 /* HDLEventsViewController.m */,
			);
			name = ViewControllers;
			sourceTree = "<group>";
		};
		A6400AF61A28500200D939D4 /* ViewCells */ = {
			isa = PBXGroup;
			children = (
				A6400AEA1A284FDF00D939D4 /* HDLEventTableViewCell.m */,
				A6400AEB1A284FDF00D939D4 /* HDLHomeScreenCell.m */,
				A6400AED1A284FDF00D939D4 /* HDLEventTableViewCell.h */,
				A6400AF01A284FDF00D939D4 /* HDLHomeScreenCell.h */,
				A6400B231A2B05F100D939D4 /* HDLFriendSelectCell.h */,
				A6400B241A2B05F100D939D4 /* HDLFriendSelectCell.m */,
			);
			name = ViewCells;
			sourceTree = "<group>";
		};
		A6400B1A1A28546900D939D4 /* JTCalendar */ = {
			isa = PBXGroup;
			children = (
				A6400AF71A28545D00D939D4 /* JTCalendar.h */,
				A6400AF81A28545D00D939D4 /* JTCalendar.m */,
				A6400AF91A28545D00D939D4 /* JTCalendarAppearance.h */,
				A6400AFA1A28545D00D939D4 /* JTCalendarAppearance.m */,
				A6400AFB1A28545D00D939D4 /* JTCalendarContentView.h */,
				A6400AFC1A28545D00D939D4 /* JTCalendarContentView.m */,
				A6400AFD1A28545D00D939D4 /* JTCalendarDataCache.h */,
				A6400AFE1A28545D00D939D4 /* JTCalendarDataCache.m */,
				A6400AFF1A28545D00D939D4 /* JTCalendarDayView.h */,
				A6400B001A28545D00D939D4 /* JTCalendarDayView.m */,
				A6400B011A28545D00D939D4 /* JTCalendarMenuMonthView.h */,
				A6400B021A28545D00D939D4 /* JTCalendarMenuMonthView.m */,
				A6400B031A28545D00D939D4 /* JTCalendarMenuView.h */,
				A6400B041A28545D00D939D4 /* JTCalendarMenuView.m */,
				A6400B051A28545D00D939D4 /* JTCalendarMonthView.h */,
				A6400B061A28545D00D939D4 /* JTCalendarMonthView.m */,
				A6400B071A28545D00D939D4 /* JTCalendarMonthWeekDaysView.h */,
				A6400B081A28545D00D939D4 /* JTCalendarMonthWeekDaysView.m */,
				A6400B091A28545D00D939D4 /* JTCalendarViewDataSource.h */,
				A6400B0A1A28545D00D939D4 /* JTCalendarWeekView.h */,
				A6400B0B1A28545D00D939D4 /* JTCalendarWeekView.m */,
				A6400B0C1A28545D00D939D4 /* JTCircleView.h */,
				A6400B0D1A28545D00D939D4 /* JTCircleView.m */,
			);
			name = JTCalendar;
			sourceTree = "<group>";
		};
		A6A080851A1B46FA002765D2 = {
			isa = PBXGroup;
			children = (
				A63F07431A300C700004AEF4 /* ImageAssets */,
				A6400B1A1A28546900D939D4 /* JTCalendar */,
				A6400AEC1A284FDF00D939D4 /* Beach_iOS.jpg */,
				A6A080971A1B46FA002765D2 /* HuddleApp */,
				A6A080B01A1B46FA002765D2 /* HuddleAppTests */,
				A6A080901A1B46FA002765D2 /* Frameworks */,
				A6A0808F1A1B46FA002765D2 /* Products */,
			);
			sourceTree = "<group>";
		};
		A6A0808F1A1B46FA002765D2 /* Products */ = {
			isa = PBXGroup;
			children = (
				A6A0808E1A1B46FA002765D2 /* HuddleApp.app */,
				A6A080A91A1B46FA002765D2 /* HuddleAppTests.xctest */,
			);
			name = Products;
			sourceTree = "<group>";
		};
		A6A080901A1B46FA002765D2 /* Frameworks */ = {
			isa = PBXGroup;
			children = (
				A6400B301A2C007000D939D4 /* libsqlite3.dylib */,
				A6A080911A1B46FA002765D2 /* Foundation.framework */,
				A6A080931A1B46FA002765D2 /* CoreGraphics.framework */,
				A6A080951A1B46FA002765D2 /* UIKit.framework */,
				A6A080AA1A1B46FA002765D2 /* XCTest.framework */,
				F1B05E9BC1B693ABB7F7BFF0 /* libPods.a */,
			);
			name = Frameworks;
			sourceTree = "<group>";
		};
		A6A080971A1B46FA002765D2 /* HuddleApp */ = {
			isa = PBXGroup;
			children = (
				A6400AF61A28500200D939D4 /* ViewCells */,
				A6400AF51A284FE900D939D4 /* ViewControllers */,
				A6A080A01A1B46FA002765D2 /* HDLAppDelegate.h */,
				A6A080A11A1B46FA002765D2 /* HDLAppDelegate.m */,
				A6A080A31A1B46FA002765D2 /* Images.xcassets */,
				A6A080981A1B46FA002765D2 /* Supporting Files */,
				A6400B2A1A2BE7D600D939D4 /* HDLDatabaseManager.h */,
				A6400B2B1A2BE7D600D939D4 /* HDLDatabaseManager.m */,
				A6400B2D1A2BF81700D939D4 /* HDLHuddleObject.h */,
				A6400B2E1A2BF81700D939D4 /* HDLHuddleObject.m */,
				A63F07401A2FFA050004AEF4 /* GlobalSettings.h */,
				A63F07411A2FFB6A0004AEF4 /* GlobalSettings.m */,
			);
			path = HuddleApp;
			sourceTree = "<group>";
		};
		A6A080981A1B46FA002765D2 /* Supporting Files */ = {
			isa = PBXGroup;
			children = (
				A6A080991A1B46FA002765D2 /* HuddleApp-Info.plist */,
				A6A0809A1A1B46FA002765D2 /* InfoPlist.strings */,
				A6A0809D1A1B46FA002765D2 /* main.m */,
				A6A0809F1A1B46FA002765D2 /* HuddleApp-Prefix.pch */,
			);
			name = "Supporting Files";
			sourceTree = "<group>";
		};
		A6A080B01A1B46FA002765D2 /* HuddleAppTests */ = {
			isa = PBXGroup;
			children = (
				A6A080B61A1B46FA002765D2 /* HuddleAppTests.m */,
				A6A080B11A1B46FA002765D2 /* Supporting Files */,
			);
			path = HuddleAppTests;
			sourceTree = "<group>";
		};
		A6A080B11A1B46FA002765D2 /* Supporting Files */ = {
			isa = PBXGroup;
			children = (
				A6A080B21A1B46FA002765D2 /* HuddleAppTests-Info.plist */,
				A6A080B31A1B46FA002765D2 /* InfoPlist.strings */,
			);
			name = "Supporting Files";
			sourceTree = "<group>";
		};
/* End PBXGroup section */

/* Begin PBXNativeTarget section */
		A6A0808D1A1B46FA002765D2 /* HuddleApp */ = {
			isa = PBXNativeTarget;
			buildConfigurationList = A6A080BA1A1B46FA002765D2 /* Build configuration list for PBXNativeTarget "HuddleApp" */;
			buildPhases = (
				A6A0808A1A1B46FA002765D2 /* Sources */,
				A6A0808B1A1B46FA002765D2 /* Frameworks */,
				A6A0808C1A1B46FA002765D2 /* Resources */,
			);
			buildRules = (
			);
			dependencies = (
			);
			name = HuddleApp;
			productName = HuddleApp;
			productReference = A6A0808E1A1B46FA002765D2 /* HuddleApp.app */;
			productType = "com.apple.product-type.application";
		};
		A6A080A81A1B46FA002765D2 /* HuddleAppTests */ = {
			isa = PBXNativeTarget;
			buildConfigurationList = A6A080BD1A1B46FA002765D2 /* Build configuration list for PBXNativeTarget "HuddleAppTests" */;
			buildPhases = (
				A6A080A51A1B46FA002765D2 /* Sources */,
				A6A080A61A1B46FA002765D2 /* Frameworks */,
				A6A080A71A1B46FA002765D2 /* Resources */,
			);
			buildRules = (
			);
			dependencies = (
				A6A080AF1A1B46FA002765D2 /* PBXTargetDependency */,
			);
			name = HuddleAppTests;
			productName = HuddleAppTests;
			productReference = A6A080A91A1B46FA002765D2 /* HuddleAppTests.xctest */;
			productType = "com.apple.product-type.bundle.unit-test";
		};
/* End PBXNativeTarget section */

/* Begin PBXProject section */
		A6A080861A1B46FA002765D2 /* Project object */ = {
			isa = PBXProject;
			attributes = {
				CLASSPREFIX = HDL;
				LastUpgradeCheck = 0510;
				ORGANIZATIONNAME = "Michael Weingert";
				TargetAttributes = {
					A6A080A81A1B46FA002765D2 = {
						TestTargetID = A6A0808D1A1B46FA002765D2;
					};
				};
			};
			buildConfigurationList = A6A080891A1B46FA002765D2 /* Build configuration list for PBXProject "HuddleApp" */;
			compatibilityVersion = "Xcode 3.2";
			developmentRegion = English;
			hasScannedForEncodings = 0;
			knownRegions = (
				en,
			);
			mainGroup = A6A080851A1B46FA002765D2;
			productRefGroup = A6A0808F1A1B46FA002765D2 /* Products */;
			projectDirPath = "";
			projectRoot = "";
			targets = (
				A6A0808D1A1B46FA002765D2 /* HuddleApp */,
				A6A080A81A1B46FA002765D2 /* HuddleAppTests */,
			);
		};
/* End PBXProject section */

/* Begin PBXResourcesBuildPhase section */
		A6A0808C1A1B46FA002765D2 /* Resources */ = {
			isa = PBXResourcesBuildPhase;
			buildActionMask = 2147483647;
			files = (
				A63F07361A2DBB720004AEF4 /* PartyPhoto.jpg in Resources */,
				A6A0809C1A1B46FA002765D2 /* InfoPlist.strings in Resources */,
				A63F073F1A2DBB720004AEF4 /* BeachPhoto.png in Resources */,
				A63F073A1A2DBB720004AEF4 /* Facebook_BrandonEvans.jpg in Resources */,
				A63F073D1A2DBB720004AEF4 /* Facebook_NadavLidor.png in Resources */,
				A63F073B1A2DBB720004AEF4 /* Facebook_JoePolin.jpg in Resources */,
				A63F07341A2DBB720004AEF4 /* BasketballPhoto.jpg in Resources */,
				A6400B1C1A2AF40D00D939D4 /* PlusNavButton.png in Resources */,
				A63F07351A2DBB720004AEF4 /* HockeyPhoto.jpg in Resources */,
				A6400AF31A284FDF00D939D4 /* Beach_iOS.jpg in Resources */,
				A6400B291A2B249100D939D4 /* CheckmarkIcon@2x.png in Resources */,
				A63F07391A2DBB720004AEF4 /* Facebook_RandomGuy2.jpg in Resources */,
				A6400B221A2AFEF000D939D4 /* HomeButton@2x.png in Resources */,
				A6400B1E1A2AF69C00D939D4 /* PlusNavButton@2x.png in Resources */,
				A6400B201A2AF76300D939D4 /* StarButton@2x.png in Resources */,
				A63F07261A2DBA070004AEF4 /* Heart2@2x.png in Resources */,
				A63F07371A2DBB720004AEF4 /* SalsaDancing.jpg in Resources */,
				A6A080A41A1B46FA002765D2 /* Images.xcassets in Resources */,
				A63F07381A2DBB720004AEF4 /* Facebook_RandomGuy.jpg in Resources */,
				A63F07271A2DBA070004AEF4 /* Heart2RED@2x.png in Resources */,
				A63F073C1A2DBB720004AEF4 /* Facebook_MichaelWeingert.jpg in Resources */,
				A63F073E1A2DBB720004AEF4 /* FerrisWheel.png in Resources */,
			);
			runOnlyForDeploymentPostprocessing = 0;
		};
		A6A080A71A1B46FA002765D2 /* Resources */ = {
			isa = PBXResourcesBuildPhase;
			buildActionMask = 2147483647;
			files = (
				A6A080B51A1B46FA002765D2 /* InfoPlist.strings in Resources */,
			);
			runOnlyForDeploymentPostprocessing = 0;
		};
/* End PBXResourcesBuildPhase section */

/* Begin PBXSourcesBuildPhase section */
		A6A0808A1A1B46FA002765D2 /* Sources */ = {
			isa = PBXSourcesBuildPhase;
			buildActionMask = 2147483647;
			files = (
				A6400B101A28545D00D939D4 /* JTCalendarContentView.m in Sources */,
				A6A0809E1A1B46FA002765D2 /* main.m in Sources */,
				A6A080A21A1B46FA002765D2 /* HDLAppDelegate.m in Sources */,
				A6400B251A2B05F100D939D4 /* HDLFriendSelectCell.m in Sources */,
				A6400AF41A284FDF00D939D4 /* HDLEventDetailViewController.m in Sources */,
				A63F07421A2FFB6A0004AEF4 /* GlobalSettings.m in Sources */,
				A6400B181A28545D00D939D4 /* JTCircleView.m in Sources */,
				A6A080C51A1B4737002765D2 /* HDLMainScrollViewController.m in Sources */,
				A6400B2C1A2BE7D600D939D4 /* HDLDatabaseManager.m in Sources */,
				A6A080C81A1BD73C002765D2 /* HDLCalendarViewController.m in Sources */,
				A6400B0E1A28545D00D939D4 /* JTCalendar.m in Sources */,
				A6400B141A28545D00D939D4 /* JTCalendarMenuView.m in Sources */,
				A6400B121A28545D00D939D4 /* JTCalendarDayView.m in Sources */,
				A6A080CB1A1BDA64002765D2 /* HDLFriendSelectViewController.m in Sources */,
				A6400B131A28545D00D939D4 /* JTCalendarMenuMonthView.m in Sources */,
				A6400B2F1A2BF81700D939D4 /* HDLHuddleObject.m in Sources */,
				A6400AF21A284FDF00D939D4 /* HDLHomeScreenCell.m in Sources */,
				A6400B161A28545D00D939D4 /* JTCalendarMonthWeekDaysView.m in Sources */,
				A6400B111A28545D00D939D4 /* JTCalendarDataCache.m in Sources */,
				A6A080CE1A1BDB7D002765D2 /* HDLEventsViewController.m in Sources */,
				A6400B151A28545D00D939D4 /* JTCalendarMonthView.m in Sources */,
				A6400AF11A284FDF00D939D4 /* HDLEventTableViewCell.m in Sources */,
				A6400B171A28545D00D939D4 /* JTCalendarWeekView.m in Sources */,
				A6400B0F1A28545D00D939D4 /* JTCalendarAppearance.m in Sources */,
			);
			runOnlyForDeploymentPostprocessing = 0;
		};
		A6A080A51A1B46FA002765D2 /* Sources */ = {
			isa = PBXSourcesBuildPhase;
			buildActionMask = 2147483647;
			files = (
				A6A080B71A1B46FA002765D2 /* HuddleAppTests.m in Sources */,
			);
			runOnlyForDeploymentPostprocessing = 0;
		};
/* End PBXSourcesBuildPhase section */

/* Begin PBXTargetDependency section */
		A6A080AF1A1B46FA002765D2 /* PBXTargetDependency */ = {
			isa = PBXTargetDependency;
			target = A6A0808D1A1B46FA002765D2 /* HuddleApp */;
			targetProxy = A6A080AE1A1B46FA002765D2 /* PBXContainerItemProxy */;
		};
/* End PBXTargetDependency section */

/* Begin PBXVariantGroup section */
		A6A0809A1A1B46FA002765D2 /* InfoPlist.strings */ = {
			isa = PBXVariantGroup;
			children = (
				A6A0809B1A1B46FA002765D2 /* en */,
			);
			name = InfoPlist.strings;
			sourceTree = "<group>";
		};
		A6A080B31A1B46FA002765D2 /* InfoPlist.strings */ = {
			isa = PBXVariantGroup;
			children = (
				A6A080B41A1B46FA002765D2 /* en */,
			);
			name = InfoPlist.strings;
			sourceTree = "<group>";
		};
/* End PBXVariantGroup section */

/* Begin XCBuildConfiguration section */
		A6A080B81A1B46FA002765D2 /* Debug */ = {
			isa = XCBuildConfiguration;
			buildSettings = {
				ALWAYS_SEARCH_USER_PATHS = NO;
				CLANG_CXX_LANGUAGE_STANDARD = "gnu++0x";
				CLANG_CXX_LIBRARY = "libc++";
				CLANG_ENABLE_MODULES = YES;
				CLANG_ENABLE_OBJC_ARC = YES;
				CLANG_WARN_BOOL_CONVERSION = YES;
				CLANG_WARN_CONSTANT_CONVERSION = YES;
				CLANG_WARN_DIRECT_OBJC_ISA_USAGE = YES_ERROR;
				CLANG_WARN_EMPTY_BODY = YES;
				CLANG_WARN_ENUM_CONVERSION = YES;
				CLANG_WARN_INT_CONVERSION = YES;
				CLANG_WARN_OBJC_ROOT_CLASS = YES_ERROR;
				CLANG_WARN__DUPLICATE_METHOD_MATCH = YES;
				"CODE_SIGN_IDENTITY[sdk=iphoneos*]" = "iPhone Developer";
				COPY_PHASE_STRIP = NO;
				GCC_C_LANGUAGE_STANDARD = gnu99;
				GCC_DYNAMIC_NO_PIC = NO;
				GCC_OPTIMIZATION_LEVEL = 0;
				GCC_PREPROCESSOR_DEFINITIONS = (
					"DEBUG=1",
					"$(inherited)",
				);
				GCC_SYMBOLS_PRIVATE_EXTERN = NO;
				GCC_WARN_64_TO_32_BIT_CONVERSION = YES;
				GCC_WARN_ABOUT_RETURN_TYPE = YES_ERROR;
				GCC_WARN_UNDECLARED_SELECTOR = YES;
				GCC_WARN_UNINITIALIZED_AUTOS = YES_AGGRESSIVE;
				GCC_WARN_UNUSED_FUNCTION = YES;
				GCC_WARN_UNUSED_VARIABLE = YES;
				IPHONEOS_DEPLOYMENT_TARGET = 7.1;
				ONLY_ACTIVE_ARCH = YES;
				SDKROOT = iphoneos;
			};
			name = Debug;
		};
		A6A080B91A1B46FA002765D2 /* Release */ = {
			isa = XCBuildConfiguration;
			buildSettings = {
				ALWAYS_SEARCH_USER_PATHS = NO;
				CLANG_CXX_LANGUAGE_STANDARD = "gnu++0x";
				CLANG_CXX_LIBRARY = "libc++";
				CLANG_ENABLE_MODULES = YES;
				CLANG_ENABLE_OBJC_ARC = YES;
				CLANG_WARN_BOOL_CONVERSION = YES;
				CLANG_WARN_CONSTANT_CONVERSION = YES;
				CLANG_WARN_DIRECT_OBJC_ISA_USAGE = YES_ERROR;
				CLANG_WARN_EMPTY_BODY = YES;
				CLANG_WARN_ENUM_CONVERSION = YES;
				CLANG_WARN_INT_CONVERSION = YES;
				CLANG_WARN_OBJC_ROOT_CLASS = YES_ERROR;
				CLANG_WARN__DUPLICATE_METHOD_MATCH = YES;
				"CODE_SIGN_IDENTITY[sdk=iphoneos*]" = "iPhone Developer";
				COPY_PHASE_STRIP = YES;
				ENABLE_NS_ASSERTIONS = NO;
				GCC_C_LANGUAGE_STANDARD = gnu99;
				GCC_WARN_64_TO_32_BIT_CONVERSION = YES;
				GCC_WARN_ABOUT_RETURN_TYPE = YES_ERROR;
				GCC_WARN_UNDECLARED_SELECTOR = YES;
				GCC_WARN_UNINITIALIZED_AUTOS = YES_AGGRESSIVE;
				GCC_WARN_UNUSED_FUNCTION = YES;
				GCC_WARN_UNUSED_VARIABLE = YES;
				IPHONEOS_DEPLOYMENT_TARGET = 7.1;
				SDKROOT = iphoneos;
				VALIDATE_PRODUCT = YES;
			};
			name = Release;
		};
		A6A080BB1A1B46FA002765D2 /* Debug */ = {
			isa = XCBuildConfiguration;
			buildSettings = {
				ASSETCATALOG_COMPILER_APPICON_NAME = AppIcon;
				ASSETCATALOG_COMPILER_LAUNCHIMAGE_NAME = LaunchImage;
				GCC_PRECOMPILE_PREFIX_HEADER = YES;
				GCC_PREFIX_HEADER = "HuddleApp/HuddleApp-Prefix.pch";
				INFOPLIST_FILE = "HuddleApp/HuddleApp-Info.plist";
				IPHONEOS_DEPLOYMENT_TARGET = 7.0;
				PRODUCT_NAME = "$(TARGET_NAME)";
				WRAPPER_EXTENSION = app;
			};
			name = Debug;
		};
		A6A080BC1A1B46FA002765D2 /* Release */ = {
			isa = XCBuildConfiguration;
			buildSettings = {
				ASSETCATALOG_COMPILER_APPICON_NAME = AppIcon;
				ASSETCATALOG_COMPILER_LAUNCHIMAGE_NAME = LaunchImage;
				GCC_PRECOMPILE_PREFIX_HEADER = YES;
				GCC_PREFIX_HEADER = "HuddleApp/HuddleApp-Prefix.pch";
				INFOPLIST_FILE = "HuddleApp/HuddleApp-Info.plist";
				IPHONEOS_DEPLOYMENT_TARGET = 7.0;
				PRODUCT_NAME = "$(TARGET_NAME)";
				WRAPPER_EXTENSION = app;
			};
			name = Release;
		};
		A6A080BE1A1B46FA002765D2 /* Debug */ = {
			isa = XCBuildConfiguration;
			buildSettings = {
				BUNDLE_LOADER = "$(BUILT_PRODUCTS_DIR)/HuddleApp.app/HuddleApp";
				FRAMEWORK_SEARCH_PATHS = (
					"$(SDKROOT)/Developer/Library/Frameworks",
					"$(inherited)",
					"$(DEVELOPER_FRAMEWORKS_DIR)",
				);
				GCC_PRECOMPILE_PREFIX_HEADER = YES;
				GCC_PREFIX_HEADER = "HuddleApp/HuddleApp-Prefix.pch";
				GCC_PREPROCESSOR_DEFINITIONS = (
					"DEBUG=1",
					"$(inherited)",
				);
				INFOPLIST_FILE = "HuddleAppTests/HuddleAppTests-Info.plist";
				PRODUCT_NAME = "$(TARGET_NAME)";
				TEST_HOST = "$(BUNDLE_LOADER)";
				WRAPPER_EXTENSION = xctest;
			};
			name = Debug;
		};
		A6A080BF1A1B46FA002765D2 /* Release */ = {
			isa = XCBuildConfiguration;
			buildSettings = {
				BUNDLE_LOADER = "$(BUILT_PRODUCTS_DIR)/HuddleApp.app/HuddleApp";
				FRAMEWORK_SEARCH_PATHS = (
					"$(SDKROOT)/Developer/Library/Frameworks",
					"$(inherited)",
					"$(DEVELOPER_FRAMEWORKS_DIR)",
				);
				GCC_PRECOMPILE_PREFIX_HEADER = YES;
				GCC_PREFIX_HEADER = "HuddleApp/HuddleApp-Prefix.pch";
				INFOPLIST_FILE = "HuddleAppTests/HuddleAppTests-Info.plist";
				PRODUCT_NAME = "$(TARGET_NAME)";
				TEST_HOST = "$(BUNDLE_LOADER)";
				WRAPPER_EXTENSION = xctest;
			};
			name = Release;
		};
/* End XCBuildConfiguration section */

/* Begin XCConfigurationList section */
		A6A080891A1B46FA002765D2 /* Build configuration list for PBXProject "HuddleApp" */ = {
			isa = XCConfigurationList;
			buildConfigurations = (
				A6A080B81A1B46FA002765D2 /* Debug */,
				A6A080B91A1B46FA002765D2 /* Release */,
			);
			defaultConfigurationIsVisible = 0;
			defaultConfigurationName = Release;
		};
		A6A080BA1A1B46FA002765D2 /* Build configuration list for PBXNativeTarget "HuddleApp" */ = {
			isa = XCConfigurationList;
			buildConfigurations = (
				A6A080BB1A1B46FA002765D2 /* Debug */,
				A6A080BC1A1B46FA002765D2 /* Release */,
			);
			defaultConfigurationIsVisible = 0;
			defaultConfigurationName = Release;
		};
		A6A080BD1A1B46FA002765D2 /* Build configuration list for PBXNativeTarget "HuddleAppTests" */ = {
			isa = XCConfigurationList;
			buildConfigurations = (
				A6A080BE1A1B46FA002765D2 /* Debug */,
				A6A080BF1A1B46FA002765D2 /* Release */,
			);
			defaultConfigurationIsVisible = 0;
			defaultConfigurationName = Release;
		};
/* End XCConfigurationList section */
	};
	rootObject = A6A080861A1B46FA002765D2 /* Project object */;
}
